// !$*UTF8*$!
{
	archiveVersion = 1;
	classes = {
	};
	objectVersion = 56;
	objects = {

/* Begin PBXBuildFile section */
		B5C3D6CC2D0AC18600BD6C5A /* MapAppApp.swift in Sources */ = {isa = PBXBuildFile; fileRef = B5C3D6CB2D0AC18600BD6C5A /* MapAppApp.swift */; };
		B5C3D6CE2D0AC18600BD6C5A /* ContentView.swift in Sources */ = {isa = PBXBuildFile; fileRef = B5C3D6CD2D0AC18600BD6C5A /* ContentView.swift */; };
		B5C3D6D32D0AC18700BD6C5A /* Preview Assets.xcassets in Resources */ = {isa = PBXBuildFile; fileRef = B5C3D6D22D0AC18700BD6C5A /* Preview Assets.xcassets */; };
		B5C3D6DA2D0AC2C600BD6C5A /* Assets.xcassets in Resources */ = {isa = PBXBuildFile; fileRef = B5C3D6D92D0AC2C600BD6C5A /* Assets.xcassets */; };
		B5C3D6DF2D0AC62A00BD6C5A /* Location.swift in Sources */ = {isa = PBXBuildFile; fileRef = B5C3D6DE2D0AC62A00BD6C5A /* Location.swift */; };
		B5C3D6E22D0AC6F000BD6C5A /* LocationsDataService.swift in Sources */ = {isa = PBXBuildFile; fileRef = B5C3D6E12D0AC6F000BD6C5A /* LocationsDataService.swift */; };
		B5C3D6E42D0AC7D800BD6C5A /* LocationsView.swift in Sources */ = {isa = PBXBuildFile; fileRef = B5C3D6E32D0AC7D800BD6C5A /* LocationsView.swift */; };
		B5C3D6E62D0AD34600BD6C5A /* LocationsViewModel.swift in Sources */ = {isa = PBXBuildFile; fileRef = B5C3D6E52D0AD34600BD6C5A /* LocationsViewModel.swift */; };
		B5C3D6E82D0C0CDE00BD6C5A /* LocationsListView.swift in Sources */ = {isa = PBXBuildFile; fileRef = B5C3D6E72D0C0CDE00BD6C5A /* LocationsListView.swift */; };
		B5C3D6EA2D0E162300BD6C5A /* LocationPreviewView.swift in Sources */ = {isa = PBXBuildFile; fileRef = B5C3D6E92D0E162300BD6C5A /* LocationPreviewView.swift */; };
		B5C3D6EC2D0E1EF500BD6C5A /* LocationMapAnnotationView.swift in Sources */ = {isa = PBXBuildFile; fileRef = B5C3D6EB2D0E1EF500BD6C5A /* LocationMapAnnotationView.swift */; };
		B5C3D6EE2D0E22C400BD6C5A /* LocationDetailView.swift in Sources */ = {isa = PBXBuildFile; fileRef = B5C3D6ED2D0E22C400BD6C5A /* LocationDetailView.swift */; };
/* End PBXBuildFile section */

/* Begin PBXFileReference section */
		B5C3D6C82D0AC18600BD6C5A /* MapApp.app */ = {isa = PBXFileReference; explicitFileType = wrapper.application; includeInIndex = 0; path = MapApp.app; sourceTree = BUILT_PRODUCTS_DIR; };
		B5C3D6CB2D0AC18600BD6C5A /* MapAppApp.swift */ = {isa = PBXFileReference; lastKnownFileType = sourcecode.swift; path = MapAppApp.swift; sourceTree = "<group>"; };
		B5C3D6CD2D0AC18600BD6C5A /* ContentView.swift */ = {isa = PBXFileReference; lastKnownFileType = sourcecode.swift; path = ContentView.swift; sourceTree = "<group>"; };
		B5C3D6D22D0AC18700BD6C5A /* Preview Assets.xcassets */ = {isa = PBXFileReference; lastKnownFileType = folder.assetcatalog; path = "Preview Assets.xcassets"; sourceTree = "<group>"; };
		B5C3D6D92D0AC2C600BD6C5A /* Assets.xcassets */ = {isa = PBXFileReference; lastKnownFileType = folder.assetcatalog; name = Assets.xcassets; path = "../../../../../Downloads/b6dc374-3b0b-6bdc-3b7f-f7ce4c005a_SwiftfulMapApp-Downloads/Assets.xcassets"; sourceTree = "<group>"; };
		B5C3D6DE2D0AC62A00BD6C5A /* Location.swift */ = {isa = PBXFileReference; lastKnownFileType = sourcecode.swift; path = Location.swift; sourceTree = "<group>"; };
		B5C3D6E12D0AC6F000BD6C5A /* LocationsDataService.swift */ = {isa = PBXFileReference; fileEncoding = 4; lastKnownFileType = sourcecode.swift; name = LocationsDataService.swift; path = "../../../../../../Downloads/b6dc374-3b0b-6bdc-3b7f-f7ce4c005a_SwiftfulMapApp-Downloads/LocationsDataService.swift"; sourceTree = "<group>"; };
		B5C3D6E32D0AC7D800BD6C5A /* LocationsView.swift */ = {isa = PBXFileReference; lastKnownFileType = sourcecode.swift; path = LocationsView.swift; sourceTree = "<group>"; };
		B5C3D6E52D0AD34600BD6C5A /* LocationsViewModel.swift */ = {isa = PBXFileReference; lastKnownFileType = sourcecode.swift; path = LocationsViewModel.swift; sourceTree = "<group>"; };
		B5C3D6E72D0C0CDE00BD6C5A /* LocationsListView.swift */ = {isa = PBXFileReference; lastKnownFileType = sourcecode.swift; path = LocationsListView.swift; sourceTree = "<group>"; };
		B5C3D6E92D0E162300BD6C5A /* LocationPreviewView.swift */ = {isa = PBXFileReference; lastKnownFileType = sourcecode.swift; path = LocationPreviewView.swift; sourceTree = "<group>"; };
		B5C3D6EB2D0E1EF500BD6C5A /* LocationMapAnnotationView.swift */ = {isa = PBXFileReference; lastKnownFileType = sourcecode.swift; path = LocationMapAnnotationView.swift; sourceTree = "<group>"; };
		B5C3D6ED2D0E22C400BD6C5A /* LocationDetailView.swift */ = {isa = PBXFileReference; lastKnownFileType = sourcecode.swift; path = LocationDetailView.swift; sourceTree = "<group>"; };
		B5C3D6EF2D0EF05100BD6C5A /* Info.plist */ = {isa = PBXFileReference; lastKnownFileType = text.plist; path = Info.plist; sourceTree = "<group>"; };
/* End PBXFileReference section */

/* Begin PBXFrameworksBuildPhase section */
		B5C3D6C52D0AC18600BD6C5A /* Frameworks */ = {
			isa = PBXFrameworksBuildPhase;
			buildActionMask = 2147483647;
			files = (
			);
			runOnlyForDeploymentPostprocessing = 0;
		};
/* End PBXFrameworksBuildPhase section */

/* Begin PBXGroup section */
		B5C3D6BF2D0AC18600BD6C5A = {
			isa = PBXGroup;
			children = (
				B5C3D6CA2D0AC18600BD6C5A /* MapApp */,
				B5C3D6C92D0AC18600BD6C5A /* Products */,
			);
			sourceTree = "<group>";
		};
		B5C3D6C92D0AC18600BD6C5A /* Products */ = {
			isa = PBXGroup;
			children = (
				B5C3D6C82D0AC18600BD6C5A /* MapApp.app */,
			);
			name = Products;
			sourceTree = "<group>";
		};
		B5C3D6CA2D0AC18600BD6C5A /* MapApp */ = {
			isa = PBXGroup;
			children = (
				B5C3D6EF2D0EF05100BD6C5A /* Info.plist */,
				B5C3D6E02D0AC6C600BD6C5A /* DataServices */,
				B5C3D6DC2D0AC5FB00BD6C5A /* Views */,
				B5C3D6DD2D0AC60100BD6C5A /* ViewModels */,
				B5C3D6DB2D0AC5F200BD6C5A /* Models */,
				B5C3D6CB2D0AC18600BD6C5A /* MapAppApp.swift */,
				B5C3D6CD2D0AC18600BD6C5A /* ContentView.swift */,
				B5C3D6D92D0AC2C600BD6C5A /* Assets.xcassets */,
				B5C3D6D12D0AC18700BD6C5A /* Preview Content */,
			);
			path = MapApp;
			sourceTree = "<group>";
		};
		B5C3D6D12D0AC18700BD6C5A /* Preview Content */ = {
			isa = PBXGroup;
			children = (
				B5C3D6D22D0AC18700BD6C5A /* Preview Assets.xcassets */,
			);
			path = "Preview Content";
			sourceTree = "<group>";
		};
		B5C3D6DB2D0AC5F200BD6C5A /* Models */ = {
			isa = PBXGroup;
			children = (
				B5C3D6DE2D0AC62A00BD6C5A /* Location.swift */,
			);
			path = Models;
			sourceTree = "<group>";
		};
		B5C3D6DC2D0AC5FB00BD6C5A /* Views */ = {
			isa = PBXGroup;
			children = (
				B5C3D6E32D0AC7D800BD6C5A /* LocationsView.swift */,
				B5C3D6E72D0C0CDE00BD6C5A /* LocationsListView.swift */,
				B5C3D6E92D0E162300BD6C5A /* LocationPreviewView.swift */,
				B5C3D6EB2D0E1EF500BD6C5A /* LocationMapAnnotationView.swift */,
				B5C3D6ED2D0E22C400BD6C5A /* LocationDetailView.swift */,
			);
			path = Views;
			sourceTree = "<group>";
		};
		B5C3D6DD2D0AC60100BD6C5A /* ViewModels */ = {
			isa = PBXGroup;
			children = (
				B5C3D6E52D0AD34600BD6C5A /* LocationsViewModel.swift */,
			);
			path = ViewModels;
			sourceTree = "<group>";
		};
		B5C3D6E02D0AC6C600BD6C5A /* DataServices */ = {
			isa = PBXGroup;
			children = (
				B5C3D6E12D0AC6F000BD6C5A /* LocationsDataService.swift */,
			);
			path = DataServices;
			sourceTree = "<group>";
		};
/* End PBXGroup section */

/* Begin PBXNativeTarget section */
		B5C3D6C72D0AC18600BD6C5A /* MapApp */ = {
			isa = PBXNativeTarget;
			buildConfigurationList = B5C3D6D62D0AC18700BD6C5A /* Build configuration list for PBXNativeTarget "MapApp" */;
			buildPhases = (
				B5C3D6C42D0AC18600BD6C5A /* Sources */,
				B5C3D6C52D0AC18600BD6C5A /* Frameworks */,
				B5C3D6C62D0AC18600BD6C5A /* Resources */,
			);
			buildRules = (
			);
			dependencies = (
			);
			name = MapApp;
			productName = MapApp;
			productReference = B5C3D6C82D0AC18600BD6C5A /* MapApp.app */;
			productType = "com.apple.product-type.application";
		};
/* End PBXNativeTarget section */

/* Begin PBXProject section */
		B5C3D6C02D0AC18600BD6C5A /* Project object */ = {
			isa = PBXProject;
			attributes = {
				BuildIndependentTargetsInParallel = 1;
				LastSwiftUpdateCheck = 1540;
				LastUpgradeCheck = 1540;
				TargetAttributes = {
					B5C3D6C72D0AC18600BD6C5A = {
						CreatedOnToolsVersion = 15.4;
					};
				};
			};
			buildConfigurationList = B5C3D6C32D0AC18600BD6C5A /* Build configuration list for PBXProject "MapApp" */;
			compatibilityVersion = "Xcode 14.0";
			developmentRegion = en;
			hasScannedForEncodings = 0;
			knownRegions = (
				en,
				Base,
			);
			mainGroup = B5C3D6BF2D0AC18600BD6C5A;
			productRefGroup = B5C3D6C92D0AC18600BD6C5A /* Products */;
			projectDirPath = "";
			projectRoot = "";
			targets = (
				B5C3D6C72D0AC18600BD6C5A /* MapApp */,
			);
		};
/* End PBXProject section */

/* Begin PBXResourcesBuildPhase section */
		B5C3D6C62D0AC18600BD6C5A /* Resources */ = {
			isa = PBXResourcesBuildPhase;
			buildActionMask = 2147483647;
			files = (
				B5C3D6DA2D0AC2C600BD6C5A /* Assets.xcassets in Resources */,
				B5C3D6D32D0AC18700BD6C5A /* Preview Assets.xcassets in Resources */,
			);
			runOnlyForDeploymentPostprocessing = 0;
		};
/* End PBXResourcesBuildPhase section */

/* Begin PBXSourcesBuildPhase section */
		B5C3D6C42D0AC18600BD6C5A /* Sources */ = {
			isa = PBXSourcesBuildPhase;
			buildActionMask = 2147483647;
			files = (
				B5C3D6E22D0AC6F000BD6C5A /* LocationsDataService.swift in Sources */,
				B5C3D6EC2D0E1EF500BD6C5A /* LocationMapAnnotationView.swift in Sources */,
				B5C3D6E82D0C0CDE00BD6C5A /* LocationsListView.swift in Sources */,
				B5C3D6EA2D0E162300BD6C5A /* LocationPreviewView.swift in Sources */,
				B5C3D6E62D0AD34600BD6C5A /* LocationsViewModel.swift in Sources */,
				B5C3D6CE2D0AC18600BD6C5A /* ContentView.swift in Sources */,
				B5C3D6E42D0AC7D800BD6C5A /* LocationsView.swift in Sources */,
				B5C3D6DF2D0AC62A00BD6C5A /* Location.swift in Sources */,
				B5C3D6EE2D0E22C400BD6C5A /* LocationDetailView.swift in Sources */,
				B5C3D6CC2D0AC18600BD6C5A /* MapAppApp.swift in Sources */,
			);
			runOnlyForDeploymentPostprocessing = 0;
		};
/* End PBXSourcesBuildPhase section */

/* Begin XCBuildConfiguration section */
		B5C3D6D42D0AC18700BD6C5A /* Debug */ = {
			isa = XCBuildConfiguration;
			buildSettings = {
				ALWAYS_SEARCH_USER_PATHS = NO;
				ASSETCATALOG_COMPILER_GENERATE_SWIFT_ASSET_SYMBOL_EXTENSIONS = YES;
				CLANG_ANALYZER_NONNULL = YES;
				CLANG_ANALYZER_NUMBER_OBJECT_CONVERSION = YES_AGGRESSIVE;
				CLANG_CXX_LANGUAGE_STANDARD = "gnu++20";
				CLANG_ENABLE_MODULES = YES;
				CLANG_ENABLE_OBJC_ARC = YES;
				CLANG_ENABLE_OBJC_WEAK = YES;
				CLANG_WARN_BLOCK_CAPTURE_AUTORELEASING = YES;
				CLANG_WARN_BOOL_CONVERSION = YES;
				CLANG_WARN_COMMA = YES;
				CLANG_WARN_CONSTANT_CONVERSION = YES;
				CLANG_WARN_DEPRECATED_OBJC_IMPLEMENTATIONS = YES;
				CLANG_WARN_DIRECT_OBJC_ISA_USAGE = YES_ERROR;
				CLANG_WARN_DOCUMENTATION_COMMENTS = YES;
				CLANG_WARN_EMPTY_BODY = YES;
				CLANG_WARN_ENUM_CONVERSION = YES;
				CLANG_WARN_INFINITE_RECURSION = YES;
				CLANG_WARN_INT_CONVERSION = YES;
				CLANG_WARN_NON_LITERAL_NULL_CONVERSION = YES;
				CLANG_WARN_OBJC_IMPLICIT_RETAIN_SELF = YES;
				CLANG_WARN_OBJC_LITERAL_CONVERSION = YES;
				CLANG_WARN_OBJC_ROOT_CLASS = YES_ERROR;
				CLANG_WARN_QUOTED_INCLUDE_IN_FRAMEWORK_HEADER = YES;
				CLANG_WARN_RANGE_LOOP_ANALYSIS = YES;
				CLANG_WARN_STRICT_PROTOTYPES = YES;
				CLANG_WARN_SUSPICIOUS_MOVE = YES;
				CLANG_WARN_UNGUARDED_AVAILABILITY = YES_AGGRESSIVE;
				CLANG_WARN_UNREACHABLE_CODE = YES;
				CLANG_WARN__DUPLICATE_METHOD_MATCH = YES;
				COPY_PHASE_STRIP = NO;
				DEBUG_INFORMATION_FORMAT = dwarf;
				ENABLE_STRICT_OBJC_MSGSEND = YES;
				ENABLE_TESTABILITY = YES;
				ENABLE_USER_SCRIPT_SANDBOXING = YES;
				GCC_C_LANGUAGE_STANDARD = gnu17;
				GCC_DYNAMIC_NO_PIC = NO;
				GCC_NO_COMMON_BLOCKS = YES;
				GCC_OPTIMIZATION_LEVEL = 0;
				GCC_PREPROCESSOR_DEFINITIONS = (
					"DEBUG=1",
					"$(inherited)",
				);
				GCC_WARN_64_TO_32_BIT_CONVERSION = YES;
				GCC_WARN_ABOUT_RETURN_TYPE = YES_ERROR;
				GCC_WARN_UNDECLARED_SELECTOR = YES;
				GCC_WARN_UNINITIALIZED_AUTOS = YES_AGGRESSIVE;
				GCC_WARN_UNUSED_FUNCTION = YES;
				GCC_WARN_UNUSED_VARIABLE = YES;
				IPHONEOS_DEPLOYMENT_TARGET = 17.5;
				LOCALIZATION_PREFERS_STRING_CATALOGS = YES;
				MTL_ENABLE_DEBUG_INFO = INCLUDE_SOURCE;
				MTL_FAST_MATH = YES;
				ONLY_ACTIVE_ARCH = YES;
				SDKROOT = iphoneos;
				SWIFT_ACTIVE_COMPILATION_CONDITIONS = "DEBUG $(inherited)";
				SWIFT_OPTIMIZATION_LEVEL = "-Onone";
			};
			name = Debug;
		};
		B5C3D6D52D0AC18700BD6C5A /* Release */ = {
			isa = XCBuildConfiguration;
			buildSettings = {
				ALWAYS_SEARCH_USER_PATHS = NO;
				ASSETCATALOG_COMPILER_GENERATE_SWIFT_ASSET_SYMBOL_EXTENSIONS = YES;
				CLANG_ANALYZER_NONNULL = YES;
				CLANG_ANALYZER_NUMBER_OBJECT_CONVERSION = YES_AGGRESSIVE;
				CLANG_CXX_LANGUAGE_STANDARD = "gnu++20";
				CLANG_ENABLE_MODULES = YES;
				CLANG_ENABLE_OBJC_ARC = YES;
				CLANG_ENABLE_OBJC_WEAK = YES;
				CLANG_WARN_BLOCK_CAPTURE_AUTORELEASING = YES;
				CLANG_WARN_BOOL_CONVERSION = YES;
				CLANG_WARN_COMMA = YES;
				CLANG_WARN_CONSTANT_CONVERSION = YES;
				CLANG_WARN_DEPRECATED_OBJC_IMPLEMENTATIONS = YES;
				CLANG_WARN_DIRECT_OBJC_ISA_USAGE = YES_ERROR;
				CLANG_WARN_DOCUMENTATION_COMMENTS = YES;
				CLANG_WARN_EMPTY_BODY = YES;
				CLANG_WARN_ENUM_CONVERSION = YES;
				CLANG_WARN_INFINITE_RECURSION = YES;
				CLANG_WARN_INT_CONVERSION = YES;
				CLANG_WARN_NON_LITERAL_NULL_CONVERSION = YES;
				CLANG_WARN_OBJC_IMPLICIT_RETAIN_SELF = YES;
				CLANG_WARN_OBJC_LITERAL_CONVERSION = YES;
				CLANG_WARN_OBJC_ROOT_CLASS = YES_ERROR;
				CLANG_WARN_QUOTED_INCLUDE_IN_FRAMEWORK_HEADER = YES;
				CLANG_WARN_RANGE_LOOP_ANALYSIS = YES;
				CLANG_WARN_STRICT_PROTOTYPES = YES;
				CLANG_WARN_SUSPICIOUS_MOVE = YES;
				CLANG_WARN_UNGUARDED_AVAILABILITY = YES_AGGRESSIVE;
				CLANG_WARN_UNREACHABLE_CODE = YES;
				CLANG_WARN__DUPLICATE_METHOD_MATCH = YES;
				COPY_PHASE_STRIP = NO;
				DEBUG_INFORMATION_FORMAT = "dwarf-with-dsym";
				ENABLE_NS_ASSERTIONS = NO;
				ENABLE_STRICT_OBJC_MSGSEND = YES;
				ENABLE_USER_SCRIPT_SANDBOXING = YES;
				GCC_C_LANGUAGE_STANDARD = gnu17;
				GCC_NO_COMMON_BLOCKS = YES;
				GCC_WARN_64_TO_32_BIT_CONVERSION = YES;
				GCC_WARN_ABOUT_RETURN_TYPE = YES_ERROR;
				GCC_WARN_UNDECLARED_SELECTOR = YES;
				GCC_WARN_UNINITIALIZED_AUTOS = YES_AGGRESSIVE;
				GCC_WARN_UNUSED_FUNCTION = YES;
				GCC_WARN_UNUSED_VARIABLE = YES;
				IPHONEOS_DEPLOYMENT_TARGET = 17.5;
				LOCALIZATION_PREFERS_STRING_CATALOGS = YES;
				MTL_ENABLE_DEBUG_INFO = NO;
				MTL_FAST_MATH = YES;
				SDKROOT = iphoneos;
				SWIFT_COMPILATION_MODE = wholemodule;
				VALIDATE_PRODUCT = YES;
			};
			name = Release;
		};
		B5C3D6D72D0AC18700BD6C5A /* Debug */ = {
			isa = XCBuildConfiguration;
			buildSettings = {
				ASSETCATALOG_COMPILER_APPICON_NAME = AppIcon;
				ASSETCATALOG_COMPILER_GLOBAL_ACCENT_COLOR_NAME = AccentColor;
				CODE_SIGN_STYLE = Automatic;
				CURRENT_PROJECT_VERSION = 1;
				DEVELOPMENT_ASSET_PATHS = "\"MapApp/Preview Content\"";
				ENABLE_PREVIEWS = YES;
				GENERATE_INFOPLIST_FILE = YES;
				INFOPLIST_FILE = MapApp/Info.plist;
				INFOPLIST_KEY_UIApplicationSceneManifest_Generation = YES;
				INFOPLIST_KEY_UIApplicationSupportsIndirectInputEvents = YES;
				INFOPLIST_KEY_UISupportedInterfaceOrientations = UIInterfaceOrientationPortrait;
				INFOPLIST_KEY_UISupportedInterfaceOrientations_iPad = "UIInterfaceOrientationLandscapeLeft UIInterfaceOrientationLandscapeRight UIInterfaceOrientationPortrait UIInterfaceOrientationPortraitUpsideDown";
				LD_RUNPATH_SEARCH_PATHS = (
					"$(inherited)",
					"@executable_path/Frameworks",
				);
				MARKETING_VERSION = 1.0;
				PRODUCT_BUNDLE_IDENTIFIER = com.toni.MapApp;
				PRODUCT_NAME = "$(TARGET_NAME)";
				SWIFT_EMIT_LOC_STRINGS = YES;
				SWIFT_VERSION = 5.0;
				TARGETED_DEVICE_FAMILY = "1,2";
			};
			name = Debug;
		};
		B5C3D6D82D0AC18700BD6C5A /* Release */ = {
			isa = XCBuildConfiguration;
			buildSettings = {
				ASSETCATALOG_COMPILER_APPICON_NAME = AppIcon;
				ASSETCATALOG_COMPILER_GLOBAL_ACCENT_COLOR_NAME = AccentColor;
				CODE_SIGN_STYLE = Automatic;
				CURRENT_PROJECT_VERSION = 1;
				DEVELOPMENT_ASSET_PATHS = "\"MapApp/Preview Content\"";
				ENABLE_PREVIEWS = YES;
				GENERATE_INFOPLIST_FILE = YES;
				INFOPLIST_FILE = MapApp/Info.plist;
				INFOPLIST_KEY_UIApplicationSceneManifest_Generation = YES;
				INFOPLIST_KEY_UIApplicationSupportsIndirectInputEvents = YES;
				INFOPLIST_KEY_UISupportedInterfaceOrientations = UIInterfaceOrientationPortrait;
				INFOPLIST_KEY_UISupportedInterfaceOrientations_iPad = "UIInterfaceOrientationLandscapeLeft UIInterfaceOrientationLandscapeRight UIInterfaceOrientationPortrait UIInterfaceOrientationPortraitUpsideDown";
				LD_RUNPATH_SEARCH_PATHS = (
					"$(inherited)",
					"@executable_path/Frameworks",
				);
				MARKETING_VERSION = 1.0;
				PRODUCT_BUNDLE_IDENTIFIER = com.toni.MapApp;
				PRODUCT_NAME = "$(TARGET_NAME)";
				SWIFT_EMIT_LOC_STRINGS = YES;
				SWIFT_VERSION = 5.0;
				TARGETED_DEVICE_FAMILY = "1,2";
			};
			name = Release;
		};
/* End XCBuildConfiguration section */

/* Begin XCConfigurationList section */
		B5C3D6C32D0AC18600BD6C5A /* Build configuration list for PBXProject "MapApp" */ = {
			isa = XCConfigurationList;
			buildConfigurations = (
				B5C3D6D42D0AC18700BD6C5A /* Debug */,
				B5C3D6D52D0AC18700BD6C5A /* Release */,
			);
			defaultConfigurationIsVisible = 0;
			defaultConfigurationName = Release;
		};
		B5C3D6D62D0AC18700BD6C5A /* Build configuration list for PBXNativeTarget "MapApp" */ = {
			isa = XCConfigurationList;
			buildConfigurations = (
				B5C3D6D72D0AC18700BD6C5A /* Debug */,
				B5C3D6D82D0AC18700BD6C5A /* Release */,
			);
			defaultConfigurationIsVisible = 0;
			defaultConfigurationName = Release;
		};
/* End XCConfigurationList section */
	};
	rootObject = B5C3D6C02D0AC18600BD6C5A /* Project object */;
}
